
Microsoft Visual Studio Solution File, Format Version 12.00
# Blend for Visual Studio Version 16
VisualStudioVersion = 16.0.31424.327
MinimumVisualStudioVersion = 10.0.40219.1
Project("{FAE04EC0-301F-11D3-BF4B-00C04F79EFBC}") = "LoginSlide", "LoginSlide.csproj", "{3D1F6BE4-C293-4ED6-8C8A-D11978300D04}"
EndProject
Global
	GlobalSection(SolutionConfigurationPlatforms) = preSolution
		Debug|Any CPU = Debug|Any CPU
		Release|Any CPU = Release|Any CPU
	EndGlobalSection
	GlobalSection(ProjectConfigurationPlatforms) = postSolution
		{3D1F6BE4-C293-4ED6-8C8A-D11978300D04}.Debug|Any CPU.ActiveCfg = Debug|Any CPU
		{3D1F6BE4-C293-4ED6-8C8A-D11978300D04}.Debug|Any CPU.Build.0 = Debug|Any CPU
		{3D1F6BE4-C293-4ED6-8C8A-D11978300D04}.Release|Any CPU.ActiveCfg = Release|Any CPU
		{3D1F6BE4-C293-4ED6-8C8A-D11978300D04}.Release|Any CPU.Build.0 = Release|Any CPU
	EndGlobalSection
	GlobalSection(SolutionProperties) = preSolution
		HideSolutionNode = FALSE
	EndGlobalSection
	GlobalSection(ExtensibilityGlobals) = postSolution
		SolutionGuid = {149357C4-C1CD-42E9-B7F0-821761C5F790}
	EndGlobalSection
EndGlobal
